// !$*UTF8*$!
{
	archiveVersion = 1;
	classes = {
	};
	objectVersion = 52;
	objects = {

/* Begin PBXBuildFile section */
		AC04EDA7257E299600788A7A /* BioMetric_AuthenticationApp.swift in Sources */ = {isa = PBXBuildFile; fileRef = AC04EDA6257E299600788A7A /* BioMetric_AuthenticationApp.swift */; };
		AC04EDA9257E299600788A7A /* ContentView.swift in Sources */ = {isa = PBXBuildFile; fileRef = AC04EDA8257E299600788A7A /* ContentView.swift */; };
		AC04EDAB257E299700788A7A /* Assets.xcassets in Resources */ = {isa = PBXBuildFile; fileRef = AC04EDAA257E299700788A7A /* Assets.xcassets */; };
		AC04EDAE257E299700788A7A /* Preview Assets.xcassets in Resources */ = {isa = PBXBuildFile; fileRef = AC04EDAD257E299700788A7A /* Preview Assets.xcassets */; };
		AC04EDBA257E2B6400788A7A /* Login.swift in Sources */ = {isa = PBXBuildFile; fileRef = AC04EDB9257E2B6400788A7A /* Login.swift */; };
		AC2A31ED258101360022E54D /* WeatherItem.swift in Sources */ = {isa = PBXBuildFile; fileRef = AC2A31EC258101360022E54D /* WeatherItem.swift */; };
		AC85D8DD2580CAAC00B3B7D9 /* Item.swift in Sources */ = {isa = PBXBuildFile; fileRef = AC85D8DC2580CAAC00B3B7D9 /* Item.swift */; };
		AC85D8E42580CD8900B3B7D9 /* Card.swift in Sources */ = {isa = PBXBuildFile; fileRef = AC85D8E32580CD8900B3B7D9 /* Card.swift */; };
		AC85D8E82580D21400B3B7D9 /* Search.swift in Sources */ = {isa = PBXBuildFile; fileRef = AC85D8E72580D21400B3B7D9 /* Search.swift */; };
		AC85D8EB2580D38A00B3B7D9 /* Detail.swift in Sources */ = {isa = PBXBuildFile; fileRef = AC85D8EA2580D38A00B3B7D9 /* Detail.swift */; };
		AC85D8EF2580D3E200B3B7D9 /* TabViewModel.swift in Sources */ = {isa = PBXBuildFile; fileRef = AC85D8EE2580D3E200B3B7D9 /* TabViewModel.swift */; };
		AC85D8F22580DB3600B3B7D9 /* CustomCorner.swift in Sources */ = {isa = PBXBuildFile; fileRef = AC85D8F12580DB3600B3B7D9 /* CustomCorner.swift */; };
		AC85D8F92580F83D00B3B7D9 /* Weather.swift in Sources */ = {isa = PBXBuildFile; fileRef = AC85D8F82580F83D00B3B7D9 /* Weather.swift */; };
		ACA4D5F32588F350001B5984 /* SettingModel.swift in Sources */ = {isa = PBXBuildFile; fileRef = ACA4D5F22588F350001B5984 /* SettingModel.swift */; };
		ACA4D5F82588F61B001B5984 /* AccountView.swift in Sources */ = {isa = PBXBuildFile; fileRef = ACA4D5F72588F61B001B5984 /* AccountView.swift */; };
		ACA4D5FC258910F3001B5984 /* WorkoutModel.swift in Sources */ = {isa = PBXBuildFile; fileRef = ACA4D5FB258910F3001B5984 /* WorkoutModel.swift */; };
		ACA4D5FF25891BB5001B5984 /* RoundShape.swift in Sources */ = {isa = PBXBuildFile; fileRef = ACA4D5FE25891BB5001B5984 /* RoundShape.swift */; };
		ACA4D60225891EB5001B5984 /* StatsModel.swift in Sources */ = {isa = PBXBuildFile; fileRef = ACA4D60125891EB5001B5984 /* StatsModel.swift */; };
		ACBACD07257F8F43001F02E4 /* TabBarView.swift in Sources */ = {isa = PBXBuildFile; fileRef = ACBACD06257F8F43001F02E4 /* TabBarView.swift */; };
		ACBACD0A257F92B2001F02E4 /* SettingView.swift in Sources */ = {isa = PBXBuildFile; fileRef = ACBACD09257F92B2001F02E4 /* SettingView.swift */; };
		ACC70607257E565600B8EB7A /* LoginViewModel.swift in Sources */ = {isa = PBXBuildFile; fileRef = ACC70606257E565600B8EB7A /* LoginViewModel.swift */; };
		ACCDFC782588E30300B7FD9A /* NotificationView.swift in Sources */ = {isa = PBXBuildFile; fileRef = ACCDFC772588E30300B7FD9A /* NotificationView.swift */; };
		ACEA6AAE257E62AD002861DC /* GoogleService-Info.plist in Resources */ = {isa = PBXBuildFile; fileRef = ACEA6AAD257E62AD002861DC /* GoogleService-Info.plist */; };
		ACEA6AB1257E6818002861DC /* Home.swift in Sources */ = {isa = PBXBuildFile; fileRef = ACEA6AB0257E6818002861DC /* Home.swift */; };
		ACEA6AC3257E6CAC002861DC /* Loading Screen.swift in Sources */ = {isa = PBXBuildFile; fileRef = ACEA6AC2257E6CAC002861DC /* Loading Screen.swift */; };
		ACFFF15425822A6000F775CD /* SearchModel.swift in Sources */ = {isa = PBXBuildFile; fileRef = ACFFF15325822A6000F775CD /* SearchModel.swift */; };
		ACFFF1632582810300F775CD /* Indicator.swift in Sources */ = {isa = PBXBuildFile; fileRef = ACFFF1622582810300F775CD /* Indicator.swift */; };
		ACFFF1672582853A00F775CD /* SDWebImageSwiftUI in Frameworks */ = {isa = PBXBuildFile; productRef = ACFFF1662582853A00F775CD /* SDWebImageSwiftUI */; };
		BF15D6ED012EF9C81D2C89C3 /* Pods_BioMetric_Authentication.framework in Frameworks */ = {isa = PBXBuildFile; fileRef = 48DF092EACC57B19F67FC41A /* Pods_BioMetric_Authentication.framework */; };
/* End PBXBuildFile section */

/* Begin PBXFileReference section */
		48DF092EACC57B19F67FC41A /* Pods_BioMetric_Authentication.framework */ = {isa = PBXFileReference; explicitFileType = wrapper.framework; includeInIndex = 0; path = Pods_BioMetric_Authentication.framework; sourceTree = BUILT_PRODUCTS_DIR; };
		62C262C0C1BD2237166B33B2 /* Pods-BioMetric-Authentication.debug.xcconfig */ = {isa = PBXFileReference; includeInIndex = 1; lastKnownFileType = text.xcconfig; name = "Pods-BioMetric-Authentication.debug.xcconfig"; path = "Target Support Files/Pods-BioMetric-Authentication/Pods-BioMetric-Authentication.debug.xcconfig"; sourceTree = "<group>"; };
		AC04EDA3257E299600788A7A /* BioMetric-Authentication.app */ = {isa = PBXFileReference; explicitFileType = wrapper.application; includeInIndex = 0; path = "BioMetric-Authentication.app"; sourceTree = BUILT_PRODUCTS_DIR; };
		AC04EDA6257E299600788A7A /* BioMetric_AuthenticationApp.swift */ = {isa = PBXFileReference; lastKnownFileType = sourcecode.swift; path = BioMetric_AuthenticationApp.swift; sourceTree = "<group>"; };
		AC04EDA8257E299600788A7A /* ContentView.swift */ = {isa = PBXFileReference; lastKnownFileType = sourcecode.swift; path = ContentView.swift; sourceTree = "<group>"; };
		AC04EDAA257E299700788A7A /* Assets.xcassets */ = {isa = PBXFileReference; lastKnownFileType = folder.assetcatalog; path = Assets.xcassets; sourceTree = "<group>"; };
		AC04EDAD257E299700788A7A /* Preview Assets.xcassets */ = {isa = PBXFileReference; lastKnownFileType = folder.assetcatalog; path = "Preview Assets.xcassets"; sourceTree = "<group>"; };
		AC04EDAF257E299700788A7A /* Info.plist */ = {isa = PBXFileReference; lastKnownFileType = text.plist.xml; path = Info.plist; sourceTree = "<group>"; };
		AC04EDB9257E2B6400788A7A /* Login.swift */ = {isa = PBXFileReference; lastKnownFileType = sourcecode.swift; path = Login.swift; sourceTree = "<group>"; };
		AC2A31EC258101360022E54D /* WeatherItem.swift */ = {isa = PBXFileReference; lastKnownFileType = sourcecode.swift; path = WeatherItem.swift; sourceTree = "<group>"; };
		AC85D8DC2580CAAC00B3B7D9 /* Item.swift */ = {isa = PBXFileReference; lastKnownFileType = sourcecode.swift; path = Item.swift; sourceTree = "<group>"; };
		AC85D8E32580CD8900B3B7D9 /* Card.swift */ = {isa = PBXFileReference; lastKnownFileType = sourcecode.swift; path = Card.swift; sourceTree = "<group>"; };
		AC85D8E72580D21400B3B7D9 /* Search.swift */ = {isa = PBXFileReference; lastKnownFileType = sourcecode.swift; path = Search.swift; sourceTree = "<group>"; };
		AC85D8EA2580D38A00B3B7D9 /* Detail.swift */ = {isa = PBXFileReference; lastKnownFileType = sourcecode.swift; path = Detail.swift; sourceTree = "<group>"; };
		AC85D8EE2580D3E200B3B7D9 /* TabViewModel.swift */ = {isa = PBXFileReference; lastKnownFileType = sourcecode.swift; path = TabViewModel.swift; sourceTree = "<group>"; };
		AC85D8F12580DB3600B3B7D9 /* CustomCorner.swift */ = {isa = PBXFileReference; lastKnownFileType = sourcecode.swift; path = CustomCorner.swift; sourceTree = "<group>"; };
		AC85D8F82580F83D00B3B7D9 /* Weather.swift */ = {isa = PBXFileReference; lastKnownFileType = sourcecode.swift; path = Weather.swift; sourceTree = "<group>"; };
		ACA4D5F22588F350001B5984 /* SettingModel.swift */ = {isa = PBXFileReference; fileEncoding = 4; lastKnownFileType = sourcecode.swift; path = SettingModel.swift; sourceTree = "<group>"; };
		ACA4D5F72588F61B001B5984 /* AccountView.swift */ = {isa = PBXFileReference; lastKnownFileType = sourcecode.swift; path = AccountView.swift; sourceTree = "<group>"; };
		ACA4D5FB258910F3001B5984 /* WorkoutModel.swift */ = {isa = PBXFileReference; lastKnownFileType = sourcecode.swift; path = WorkoutModel.swift; sourceTree = "<group>"; };
		ACA4D5FE25891BB5001B5984 /* RoundShape.swift */ = {isa = PBXFileReference; lastKnownFileType = sourcecode.swift; path = RoundShape.swift; sourceTree = "<group>"; };
		ACA4D60125891EB5001B5984 /* StatsModel.swift */ = {isa = PBXFileReference; lastKnownFileType = sourcecode.swift; path = StatsModel.swift; sourceTree = "<group>"; };
		ACBACD06257F8F43001F02E4 /* TabBarView.swift */ = {isa = PBXFileReference; lastKnownFileType = sourcecode.swift; path = TabBarView.swift; sourceTree = "<group>"; };
		ACBACD09257F92B2001F02E4 /* SettingView.swift */ = {isa = PBXFileReference; lastKnownFileType = sourcecode.swift; path = SettingView.swift; sourceTree = "<group>"; };
		ACC70606257E565600B8EB7A /* LoginViewModel.swift */ = {isa = PBXFileReference; lastKnownFileType = sourcecode.swift; path = LoginViewModel.swift; sourceTree = "<group>"; };
		ACCDFC772588E30300B7FD9A /* NotificationView.swift */ = {isa = PBXFileReference; lastKnownFileType = sourcecode.swift; path = NotificationView.swift; sourceTree = "<group>"; };
		ACEA6AAD257E62AD002861DC /* GoogleService-Info.plist */ = {isa = PBXFileReference; fileEncoding = 4; lastKnownFileType = text.plist.xml; path = "GoogleService-Info.plist"; sourceTree = "<group>"; };
		ACEA6AB0257E6818002861DC /* Home.swift */ = {isa = PBXFileReference; lastKnownFileType = sourcecode.swift; path = Home.swift; sourceTree = "<group>"; };
		ACEA6AC2257E6CAC002861DC /* Loading Screen.swift */ = {isa = PBXFileReference; lastKnownFileType = sourcecode.swift; path = "Loading Screen.swift"; sourceTree = "<group>"; };
		ACFFF15325822A6000F775CD /* SearchModel.swift */ = {isa = PBXFileReference; lastKnownFileType = sourcecode.swift; path = SearchModel.swift; sourceTree = "<group>"; };
		ACFFF1622582810300F775CD /* Indicator.swift */ = {isa = PBXFileReference; lastKnownFileType = sourcecode.swift; path = Indicator.swift; sourceTree = "<group>"; };
		C69AEEC6927923A8AFBCB216 /* Pods-BioMetric-Authentication.release.xcconfig */ = {isa = PBXFileReference; includeInIndex = 1; lastKnownFileType = text.xcconfig; name = "Pods-BioMetric-Authentication.release.xcconfig"; path = "Target Support Files/Pods-BioMetric-Authentication/Pods-BioMetric-Authentication.release.xcconfig"; sourceTree = "<group>"; };
/* End PBXFileReference section */

/* Begin PBXFrameworksBuildPhase section */
		AC04EDA0257E299600788A7A /* Frameworks */ = {
			isa = PBXFrameworksBuildPhase;
			buildActionMask = 2147483647;
			files = (
				ACFFF1672582853A00F775CD /* SDWebImageSwiftUI in Frameworks */,
				BF15D6ED012EF9C81D2C89C3 /* Pods_BioMetric_Authentication.framework in Frameworks */,
			);
			runOnlyForDeploymentPostprocessing = 0;
		};
/* End PBXFrameworksBuildPhase section */

/* Begin PBXGroup section */
		AC04ED9A257E299600788A7A = {
			isa = PBXGroup;
			children = (
				AC04EDA5257E299600788A7A /* BioMetric-Authentication */,
				AC04EDA4257E299600788A7A /* Products */,
				C543C84036A99D2040CBD506 /* Pods */,
				F03C804C3F300F15EDA646CA /* Frameworks */,
			);
			sourceTree = "<group>";
		};
		AC04EDA4257E299600788A7A /* Products */ = {
			isa = PBXGroup;
			children = (
				AC04EDA3257E299600788A7A /* BioMetric-Authentication.app */,
			);
			name = Products;
			sourceTree = "<group>";
		};
		AC04EDA5257E299600788A7A /* BioMetric-Authentication */ = {
			isa = PBXGroup;
			children = (
				ACEA6AAD257E62AD002861DC /* GoogleService-Info.plist */,
				ACC70603257E560900B8EB7A /* Views */,
				ACC70605257E563100B8EB7A /* ViewModel */,
				AC04EDAA257E299700788A7A /* Assets.xcassets */,
				AC04EDAF257E299700788A7A /* Info.plist */,
				AC04EDAC257E299700788A7A /* Preview Content */,
			);
			path = "BioMetric-Authentication";
			sourceTree = "<group>";
		};
		AC04EDAC257E299700788A7A /* Preview Content */ = {
			isa = PBXGroup;
			children = (
				AC04EDAD257E299700788A7A /* Preview Assets.xcassets */,
			);
			path = "Preview Content";
			sourceTree = "<group>";
		};
		AC85D8DB2580CA9200B3B7D9 /* Home Item */ = {
			isa = PBXGroup;
			children = (
				AC85D8DC2580CAAC00B3B7D9 /* Item.swift */,
			);
			name = "Home Item";
			sourceTree = "<group>";
		};
		AC85D8E22580CD7800B3B7D9 /* Views */ = {
			isa = PBXGroup;
			children = (
				AC85D8E32580CD8900B3B7D9 /* Card.swift */,
			);
			path = Views;
			sourceTree = "<group>";
		};
		AC85D8E62580D1F900B3B7D9 /* Search */ = {
			isa = PBXGroup;
			children = (
				AC85D8E72580D21400B3B7D9 /* Search.swift */,
			);
			path = Search;
			sourceTree = "<group>";
		};
		AC85D8ED2580D3C900B3B7D9 /* Tab Model */ = {
			isa = PBXGroup;
			children = (
				AC85D8EE2580D3E200B3B7D9 /* TabViewModel.swift */,
			);
			name = "Tab Model";
			sourceTree = "<group>";
		};
		AC85D8F42580E18F00B3B7D9 /* Content View */ = {
			isa = PBXGroup;
			children = (
				AC04EDA6257E299600788A7A /* BioMetric_AuthenticationApp.swift */,
				AC04EDA8257E299600788A7A /* ContentView.swift */,
			);
			path = "Content View";
			sourceTree = "<group>";
		};
		AC85D8F72580F83200B3B7D9 /* Weather */ = {
			isa = PBXGroup;
			children = (
				AC85D8F82580F83D00B3B7D9 /* Weather.swift */,
			);
			path = Weather;
			sourceTree = "<group>";
		};
		AC85D8FB2580FFD500B3B7D9 /* Weather Item */ = {
			isa = PBXGroup;
			children = (
				AC2A31EC258101360022E54D /* WeatherItem.swift */,
			);
			name = "Weather Item";
			sourceTree = "<group>";
		};
		ACA4D5F62588F600001B5984 /* Account */ = {
			isa = PBXGroup;
			children = (
				ACA4D5F72588F61B001B5984 /* AccountView.swift */,
			);
			path = Account;
			sourceTree = "<group>";
		};
		ACA4D5FA258910D8001B5984 /* WorkoutModel */ = {
			isa = PBXGroup;
			children = (
				ACA4D5FB258910F3001B5984 /* WorkoutModel.swift */,
				ACA4D5FE25891BB5001B5984 /* RoundShape.swift */,
				ACA4D60125891EB5001B5984 /* StatsModel.swift */,
			);
			name = WorkoutModel;
			sourceTree = "<group>";
		};
		ACBACD0C257F9320001F02E4 /* Login */ = {
			isa = PBXGroup;
			children = (
				AC04EDB9257E2B6400788A7A /* Login.swift */,
			);
			path = Login;
			sourceTree = "<group>";
		};
		ACBACD0E257F9328001F02E4 /* VIews */ = {
			isa = PBXGroup;
			children = (
				ACEA6AC2257E6CAC002861DC /* Loading Screen.swift */,
				AC85D8F12580DB3600B3B7D9 /* CustomCorner.swift */,
				ACFFF1622582810300F775CD /* Indicator.swift */,
			);
			path = VIews;
			sourceTree = "<group>";
		};
		ACBACD0F257F9333001F02E4 /* Home */ = {
			isa = PBXGroup;
			children = (
				AC85D8E22580CD7800B3B7D9 /* Views */,
				ACEA6AB0257E6818002861DC /* Home.swift */,
				AC85D8EA2580D38A00B3B7D9 /* Detail.swift */,
			);
			path = Home;
			sourceTree = "<group>";
		};
		ACBACD11257F933A001F02E4 /* Settings */ = {
			isa = PBXGroup;
			children = (
				ACA4D5F62588F600001B5984 /* Account */,
				ACCDFC762588E2EB00B7FD9A /* NotificationView */,
				ACBACD09257F92B2001F02E4 /* SettingView.swift */,
			);
			path = Settings;
			sourceTree = "<group>";
		};
		ACBACD12257F9342001F02E4 /* TabBar */ = {
			isa = PBXGroup;
			children = (
				ACBACD06257F8F43001F02E4 /* TabBarView.swift */,
			);
			path = TabBar;
			sourceTree = "<group>";
		};
		ACBACD14257F9354001F02E4 /* Login Model */ = {
			isa = PBXGroup;
			children = (
				ACC70606257E565600B8EB7A /* LoginViewModel.swift */,
			);
			name = "Login Model";
			sourceTree = "<group>";
		};
		ACC70603257E560900B8EB7A /* Views */ = {
			isa = PBXGroup;
			children = (
				AC85D8F42580E18F00B3B7D9 /* Content View */,
				ACBACD0F257F9333001F02E4 /* Home */,
				ACBACD0C257F9320001F02E4 /* Login */,
				AC85D8E62580D1F900B3B7D9 /* Search */,
				ACBACD11257F933A001F02E4 /* Settings */,
				ACBACD12257F9342001F02E4 /* TabBar */,
				ACBACD0E257F9328001F02E4 /* VIews */,
				AC85D8F72580F83200B3B7D9 /* Weather */,
			);
			path = Views;
			sourceTree = "<group>";
		};
		ACC70605257E563100B8EB7A /* ViewModel */ = {
			isa = PBXGroup;
			children = (
				ACA4D5FA258910D8001B5984 /* WorkoutModel */,
				ACCDFC722588B35A00B7FD9A /* Setting */,
				ACFFF15225822A4400F775CD /* Search */,
				AC85D8DB2580CA9200B3B7D9 /* Home Item */,
				ACBACD14257F9354001F02E4 /* Login Model */,
				AC85D8ED2580D3C900B3B7D9 /* Tab Model */,
				AC85D8FB2580FFD500B3B7D9 /* Weather Item */,
			);
			name = ViewModel;
			sourceTree = "<group>";
		};
		ACCDFC722588B35A00B7FD9A /* Setting */ = {
			isa = PBXGroup;
			children = (
				ACA4D5F22588F350001B5984 /* SettingModel.swift */,
			);
			name = Setting;
			sourceTree = "<group>";
		};
		ACCDFC762588E2EB00B7FD9A /* NotificationView */ = {
			isa = PBXGroup;
			children = (
				ACCDFC772588E30300B7FD9A /* NotificationView.swift */,
			);
			path = NotificationView;
			sourceTree = "<group>";
		};
		ACFFF15225822A4400F775CD /* Search */ = {
			isa = PBXGroup;
			children = (
				ACFFF15325822A6000F775CD /* SearchModel.swift */,
			);
			name = Search;
			sourceTree = "<group>";
		};
		C543C84036A99D2040CBD506 /* Pods */ = {
			isa = PBXGroup;
			children = (
				62C262C0C1BD2237166B33B2 /* Pods-BioMetric-Authentication.debug.xcconfig */,
				C69AEEC6927923A8AFBCB216 /* Pods-BioMetric-Authentication.release.xcconfig */,
			);
			path = Pods;
			sourceTree = "<group>";
		};
		F03C804C3F300F15EDA646CA /* Frameworks */ = {
			isa = PBXGroup;
			children = (
				48DF092EACC57B19F67FC41A /* Pods_BioMetric_Authentication.framework */,
			);
			name = Frameworks;
			sourceTree = "<group>";
		};
/* End PBXGroup section */

/* Begin PBXNativeTarget section */
		AC04EDA2257E299600788A7A /* BioMetric-Authentication */ = {
			isa = PBXNativeTarget;
			buildConfigurationList = AC04EDB2257E299700788A7A /* Build configuration list for PBXNativeTarget "BioMetric-Authentication" */;
			buildPhases = (
				F0BB80F1A65A14A02BABB60D /* [CP] Check Pods Manifest.lock */,
				AC04ED9F257E299600788A7A /* Sources */,
				AC04EDA0257E299600788A7A /* Frameworks */,
				AC04EDA1257E299600788A7A /* Resources */,
				64EECD7D79B04F92408BC691 /* [CP] Embed Pods Frameworks */,
			);
			buildRules = (
			);
			dependencies = (
			);
			name = "BioMetric-Authentication";
			packageProductDependencies = (
				ACFFF1662582853A00F775CD /* SDWebImageSwiftUI */,
			);
			productName = "BioMetric-Authentication";
			productReference = AC04EDA3257E299600788A7A /* BioMetric-Authentication.app */;
			productType = "com.apple.product-type.application";
		};
/* End PBXNativeTarget section */

/* Begin PBXProject section */
		AC04ED9B257E299600788A7A /* Project object */ = {
			isa = PBXProject;
			attributes = {
				LastSwiftUpdateCheck = 1220;
				LastUpgradeCheck = 1220;
				TargetAttributes = {
					AC04EDA2257E299600788A7A = {
						CreatedOnToolsVersion = 12.2;
					};
				};
			};
			buildConfigurationList = AC04ED9E257E299600788A7A /* Build configuration list for PBXProject "BioMetric-Authentication" */;
			compatibilityVersion = "Xcode 9.3";
			developmentRegion = en;
			hasScannedForEncodings = 0;
			knownRegions = (
				en,
				Base,
			);
			mainGroup = AC04ED9A257E299600788A7A;
			packageReferences = (
				ACFFF1652582853A00F775CD /* XCRemoteSwiftPackageReference "SDWebImageSwiftUI" */,
			);
			productRefGroup = AC04EDA4257E299600788A7A /* Products */;
			projectDirPath = "";
			projectRoot = "";
			targets = (
				AC04EDA2257E299600788A7A /* BioMetric-Authentication */,
			);
		};
/* End PBXProject section */

/* Begin PBXResourcesBuildPhase section */
		AC04EDA1257E299600788A7A /* Resources */ = {
			isa = PBXResourcesBuildPhase;
			buildActionMask = 2147483647;
			files = (
				AC04EDAE257E299700788A7A /* Preview Assets.xcassets in Resources */,
				AC04EDAB257E299700788A7A /* Assets.xcassets in Resources */,
				ACEA6AAE257E62AD002861DC /* GoogleService-Info.plist in Resources */,
			);
			runOnlyForDeploymentPostprocessing = 0;
		};
/* End PBXResourcesBuildPhase section */

/* Begin PBXShellScriptBuildPhase section */
		64EECD7D79B04F92408BC691 /* [CP] Embed Pods Frameworks */ = {
			isa = PBXShellScriptBuildPhase;
			buildActionMask = 2147483647;
			files = (
			);
			inputFileListPaths = (
				"${PODS_ROOT}/Target Support Files/Pods-BioMetric-Authentication/Pods-BioMetric-Authentication-frameworks-${CONFIGURATION}-input-files.xcfilelist",
			);
			name = "[CP] Embed Pods Frameworks";
			outputFileListPaths = (
				"${PODS_ROOT}/Target Support Files/Pods-BioMetric-Authentication/Pods-BioMetric-Authentication-frameworks-${CONFIGURATION}-output-files.xcfilelist",
			);
			runOnlyForDeploymentPostprocessing = 0;
			shellPath = /bin/sh;
			shellScript = "\"${PODS_ROOT}/Target Support Files/Pods-BioMetric-Authentication/Pods-BioMetric-Authentication-frameworks.sh\"\n";
			showEnvVarsInLog = 0;
		};
		F0BB80F1A65A14A02BABB60D /* [CP] Check Pods Manifest.lock */ = {
			isa = PBXShellScriptBuildPhase;
			buildActionMask = 2147483647;
			files = (
			);
			inputFileListPaths = (
			);
			inputPaths = (
				"${PODS_PODFILE_DIR_PATH}/Podfile.lock",
				"${PODS_ROOT}/Manifest.lock",
			);
			name = "[CP] Check Pods Manifest.lock";
			outputFileListPaths = (
			);
			outputPaths = (
				"$(DERIVED_FILE_DIR)/Pods-BioMetric-Authentication-checkManifestLockResult.txt",
			);
			runOnlyForDeploymentPostprocessing = 0;
			shellPath = /bin/sh;
			shellScript = "diff \"${PODS_PODFILE_DIR_PATH}/Podfile.lock\" \"${PODS_ROOT}/Manifest.lock\" > /dev/null\nif [ $? != 0 ] ; then\n    # print error to STDERR\n    echo \"error: The sandbox is not in sync with the Podfile.lock. Run 'pod install' or update your CocoaPods installation.\" >&2\n    exit 1\nfi\n# This output is used by Xcode 'outputs' to avoid re-running this script phase.\necho \"SUCCESS\" > \"${SCRIPT_OUTPUT_FILE_0}\"\n";
			showEnvVarsInLog = 0;
		};
/* End PBXShellScriptBuildPhase section */

/* Begin PBXSourcesBuildPhase section */
		AC04ED9F257E299600788A7A /* Sources */ = {
			isa = PBXSourcesBuildPhase;
			buildActionMask = 2147483647;
			files = (
				AC85D8E82580D21400B3B7D9 /* Search.swift in Sources */,
				ACC70607257E565600B8EB7A /* LoginViewModel.swift in Sources */,
				AC85D8EF2580D3E200B3B7D9 /* TabViewModel.swift in Sources */,
				AC85D8EB2580D38A00B3B7D9 /* Detail.swift in Sources */,
				ACA4D5F32588F350001B5984 /* SettingModel.swift in Sources */,
				AC85D8F92580F83D00B3B7D9 /* Weather.swift in Sources */,
				AC85D8DD2580CAAC00B3B7D9 /* Item.swift in Sources */,
				AC04EDA9257E299600788A7A /* ContentView.swift in Sources */,
				ACFFF1632582810300F775CD /* Indicator.swift in Sources */,
				ACBACD07257F8F43001F02E4 /* TabBarView.swift in Sources */,
				ACEA6AB1257E6818002861DC /* Home.swift in Sources */,
				ACA4D60225891EB5001B5984 /* StatsModel.swift in Sources */,
				ACEA6AC3257E6CAC002861DC /* Loading Screen.swift in Sources */,
				ACFFF15425822A6000F775CD /* SearchModel.swift in Sources */,
				ACA4D5FF25891BB5001B5984 /* RoundShape.swift in Sources */,
				ACBACD0A257F92B2001F02E4 /* SettingView.swift in Sources */,
				AC2A31ED258101360022E54D /* WeatherItem.swift in Sources */,
				AC85D8E42580CD8900B3B7D9 /* Card.swift in Sources */,
				AC85D8F22580DB3600B3B7D9 /* CustomCorner.swift in Sources */,
				ACA4D5FC258910F3001B5984 /* WorkoutModel.swift in Sources */,
				AC04EDBA257E2B6400788A7A /* Login.swift in Sources */,
				ACA4D5F82588F61B001B5984 /* AccountView.swift in Sources */,
				AC04EDA7257E299600788A7A /* BioMetric_AuthenticationApp.swift in Sources */,
				ACCDFC782588E30300B7FD9A /* NotificationView.swift in Sources */,
			);
			runOnlyForDeploymentPostprocessing = 0;
		};
/* End PBXSourcesBuildPhase section */

/* Begin XCBuildConfiguration section */
		AC04EDB0257E299700788A7A /* Debug */ = {
			isa = XCBuildConfiguration;
			buildSettings = {
				ALWAYS_SEARCH_USER_PATHS = NO;
				CLANG_ANALYZER_NONNULL = YES;
				CLANG_ANALYZER_NUMBER_OBJECT_CONVERSION = YES_AGGRESSIVE;
				CLANG_CXX_LANGUAGE_STANDARD = "gnu++14";
				CLANG_CXX_LIBRARY = "libc++";
				CLANG_ENABLE_MODULES = YES;
				CLANG_ENABLE_OBJC_ARC = YES;
				CLANG_ENABLE_OBJC_WEAK = YES;
				CLANG_WARN_BLOCK_CAPTURE_AUTORELEASING = YES;
				CLANG_WARN_BOOL_CONVERSION = YES;
				CLANG_WARN_COMMA = YES;
				CLANG_WARN_CONSTANT_CONVERSION = YES;
				CLANG_WARN_DEPRECATED_OBJC_IMPLEMENTATIONS = YES;
				CLANG_WARN_DIRECT_OBJC_ISA_USAGE = YES_ERROR;
				CLANG_WARN_DOCUMENTATION_COMMENTS = YES;
				CLANG_WARN_EMPTY_BODY = YES;
				CLANG_WARN_ENUM_CONVERSION = YES;
				CLANG_WARN_INFINITE_RECURSION = YES;
				CLANG_WARN_INT_CONVERSION = YES;
				CLANG_WARN_NON_LITERAL_NULL_CONVERSION = YES;
				CLANG_WARN_OBJC_IMPLICIT_RETAIN_SELF = YES;
				CLANG_WARN_OBJC_LITERAL_CONVERSION = YES;
				CLANG_WARN_OBJC_ROOT_CLASS = YES_ERROR;
				CLANG_WARN_QUOTED_INCLUDE_IN_FRAMEWORK_HEADER = YES;
				CLANG_WARN_RANGE_LOOP_ANALYSIS = YES;
				CLANG_WARN_STRICT_PROTOTYPES = YES;
				CLANG_WARN_SUSPICIOUS_MOVE = YES;
				CLANG_WARN_UNGUARDED_AVAILABILITY = YES_AGGRESSIVE;
				CLANG_WARN_UNREACHABLE_CODE = YES;
				CLANG_WARN__DUPLICATE_METHOD_MATCH = YES;
				COPY_PHASE_STRIP = NO;
				DEBUG_INFORMATION_FORMAT = dwarf;
				ENABLE_STRICT_OBJC_MSGSEND = YES;
				ENABLE_TESTABILITY = YES;
				GCC_C_LANGUAGE_STANDARD = gnu11;
				GCC_DYNAMIC_NO_PIC = NO;
				GCC_NO_COMMON_BLOCKS = YES;
				GCC_OPTIMIZATION_LEVEL = 0;
				GCC_PREPROCESSOR_DEFINITIONS = (
					"DEBUG=1",
					"$(inherited)",
				);
				GCC_WARN_64_TO_32_BIT_CONVERSION = YES;
				GCC_WARN_ABOUT_RETURN_TYPE = YES_ERROR;
				GCC_WARN_UNDECLARED_SELECTOR = YES;
				GCC_WARN_UNINITIALIZED_AUTOS = YES_AGGRESSIVE;
				GCC_WARN_UNUSED_FUNCTION = YES;
				GCC_WARN_UNUSED_VARIABLE = YES;
				IPHONEOS_DEPLOYMENT_TARGET = 14.2;
				MTL_ENABLE_DEBUG_INFO = INCLUDE_SOURCE;
				MTL_FAST_MATH = YES;
				ONLY_ACTIVE_ARCH = YES;
				SDKROOT = iphoneos;
				SWIFT_ACTIVE_COMPILATION_CONDITIONS = DEBUG;
				SWIFT_OPTIMIZATION_LEVEL = "-Onone";
			};
			name = Debug;
		};
		AC04EDB1257E299700788A7A /* Release */ = {
			isa = XCBuildConfiguration;
			buildSettings = {
				ALWAYS_SEARCH_USER_PATHS = NO;
				CLANG_ANALYZER_NONNULL = YES;
				CLANG_ANALYZER_NUMBER_OBJECT_CONVERSION = YES_AGGRESSIVE;
				CLANG_CXX_LANGUAGE_STANDARD = "gnu++14";
				CLANG_CXX_LIBRARY = "libc++";
				CLANG_ENABLE_MODULES = YES;
				CLANG_ENABLE_OBJC_ARC = YES;
				CLANG_ENABLE_OBJC_WEAK = YES;
				CLANG_WARN_BLOCK_CAPTURE_AUTORELEASING = YES;
				CLANG_WARN_BOOL_CONVERSION = YES;
				CLANG_WARN_COMMA = YES;
				CLANG_WARN_CONSTANT_CONVERSION = YES;
				CLANG_WARN_DEPRECATED_OBJC_IMPLEMENTATIONS = YES;
				CLANG_WARN_DIRECT_OBJC_ISA_USAGE = YES_ERROR;
				CLANG_WARN_DOCUMENTATION_COMMENTS = YES;
				CLANG_WARN_EMPTY_BODY = YES;
				CLANG_WARN_ENUM_CONVERSION = YES;
				CLANG_WARN_INFINITE_RECURSION = YES;
				CLANG_WARN_INT_CONVERSION = YES;
				CLANG_WARN_NON_LITERAL_NULL_CONVERSION = YES;
				CLANG_WARN_OBJC_IMPLICIT_RETAIN_SELF = YES;
				CLANG_WARN_OBJC_LITERAL_CONVERSION = YES;
				CLANG_WARN_OBJC_ROOT_CLASS = YES_ERROR;
				CLANG_WARN_QUOTED_INCLUDE_IN_FRAMEWORK_HEADER = YES;
				CLANG_WARN_RANGE_LOOP_ANALYSIS = YES;
				CLANG_WARN_STRICT_PROTOTYPES = YES;
				CLANG_WARN_SUSPICIOUS_MOVE = YES;
				CLANG_WARN_UNGUARDED_AVAILABILITY = YES_AGGRESSIVE;
				CLANG_WARN_UNREACHABLE_CODE = YES;
				CLANG_WARN__DUPLICATE_METHOD_MATCH = YES;
				COPY_PHASE_STRIP = NO;
				DEBUG_INFORMATION_FORMAT = "dwarf-with-dsym";
				ENABLE_NS_ASSERTIONS = NO;
				ENABLE_STRICT_OBJC_MSGSEND = YES;
				GCC_C_LANGUAGE_STANDARD = gnu11;
				GCC_NO_COMMON_BLOCKS = YES;
				GCC_WARN_64_TO_32_BIT_CONVERSION = YES;
				GCC_WARN_ABOUT_RETURN_TYPE = YES_ERROR;
				GCC_WARN_UNDECLARED_SELECTOR = YES;
				GCC_WARN_UNINITIALIZED_AUTOS = YES_AGGRESSIVE;
				GCC_WARN_UNUSED_FUNCTION = YES;
				GCC_WARN_UNUSED_VARIABLE = YES;
				IPHONEOS_DEPLOYMENT_TARGET = 14.2;
				MTL_ENABLE_DEBUG_INFO = NO;
				MTL_FAST_MATH = YES;
				SDKROOT = iphoneos;
				SWIFT_COMPILATION_MODE = wholemodule;
				SWIFT_OPTIMIZATION_LEVEL = "-O";
				VALIDATE_PRODUCT = YES;
			};
			name = Release;
		};
		AC04EDB3257E299700788A7A /* Debug */ = {
			isa = XCBuildConfiguration;
			baseConfigurationReference = 62C262C0C1BD2237166B33B2 /* Pods-BioMetric-Authentication.debug.xcconfig */;
			buildSettings = {
				ASSETCATALOG_COMPILER_APPICON_NAME = AppIcon;
				ASSETCATALOG_COMPILER_GLOBAL_ACCENT_COLOR_NAME = AccentColor;
				CODE_SIGN_STYLE = Automatic;
				DEVELOPMENT_ASSET_PATHS = "\"BioMetric-Authentication/Preview Content\"";
				DEVELOPMENT_TEAM = 224SJKKLQ3;
				ENABLE_PREVIEWS = YES;
				INFOPLIST_FILE = "BioMetric-Authentication/Info.plist";
				IPHONEOS_DEPLOYMENT_TARGET = 14.0;
				LD_RUNPATH_SEARCH_PATHS = (
					"$(inherited)",
					"@executable_path/Frameworks",
				);
				PRODUCT_BUNDLE_IDENTIFIER = "iMaxiOS.BioMetric-Authentication";
				PRODUCT_NAME = "$(TARGET_NAME)";
				SWIFT_VERSION = 5.0;
				TARGETED_DEVICE_FAMILY = "1,2";
			};
			name = Debug;
		};
		AC04EDB4257E299700788A7A /* Release */ = {
			isa = XCBuildConfiguration;
			baseConfigurationReference = C69AEEC6927923A8AFBCB216 /* Pods-BioMetric-Authentication.release.xcconfig */;
			buildSettings = {
				ASSETCATALOG_COMPILER_APPICON_NAME = AppIcon;
				ASSETCATALOG_COMPILER_GLOBAL_ACCENT_COLOR_NAME = AccentColor;
				CODE_SIGN_IDENTITY = "Apple Development";
				CODE_SIGN_STYLE = Automatic;
				DEVELOPMENT_ASSET_PATHS = "\"BioMetric-Authentication/Preview Content\"";
				DEVELOPMENT_TEAM = 224SJKKLQ3;
				ENABLE_PREVIEWS = YES;
				INFOPLIST_FILE = "BioMetric-Authentication/Info.plist";
				IPHONEOS_DEPLOYMENT_TARGET = 14.0;
				LD_RUNPATH_SEARCH_PATHS = (
					"$(inherited)",
					"@executable_path/Frameworks",
				);
				PRODUCT_BUNDLE_IDENTIFIER = "iMaxiOS.BioMetric-Authentication";
				PRODUCT_NAME = "$(TARGET_NAME)";
				PROVISIONING_PROFILE_SPECIFIER = "";
				SWIFT_VERSION = 5.0;
				TARGETED_DEVICE_FAMILY = "1,2";
			};
			name = Release;
		};
/* End XCBuildConfiguration section */

/* Begin XCConfigurationList section */
		AC04ED9E257E299600788A7A /* Build configuration list for PBXProject "BioMetric-Authentication" */ = {
			isa = XCConfigurationList;
			buildConfigurations = (
				AC04EDB0257E299700788A7A /* Debug */,
				AC04EDB1257E299700788A7A /* Release */,
			);
			defaultConfigurationIsVisible = 0;
			defaultConfigurationName = Release;
		};
		AC04EDB2257E299700788A7A /* Build configuration list for PBXNativeTarget "BioMetric-Authentication" */ = {
			isa = XCConfigurationList;
			buildConfigurations = (
				AC04EDB3257E299700788A7A /* Debug */,
				AC04EDB4257E299700788A7A /* Release */,
			);
			defaultConfigurationIsVisible = 0;
			defaultConfigurationName = Release;
		};
/* End XCConfigurationList section */

/* Begin XCRemoteSwiftPackageReference section */
		ACFFF1652582853A00F775CD /* XCRemoteSwiftPackageReference "SDWebImageSwiftUI" */ = {
			isa = XCRemoteSwiftPackageReference;
			repositoryURL = "https://github.com/SDWebImage/SDWebImageSwiftUI.git";
			requirement = {
				kind = upToNextMajorVersion;
				minimumVersion = 1.5.0;
			};
		};
/* End XCRemoteSwiftPackageReference section */

/* Begin XCSwiftPackageProductDependency section */
		ACFFF1662582853A00F775CD /* SDWebImageSwiftUI */ = {
			isa = XCSwiftPackageProductDependency;
			package = ACFFF1652582853A00F775CD /* XCRemoteSwiftPackageReference "SDWebImageSwiftUI" */;
			productName = SDWebImageSwiftUI;
		};
/* End XCSwiftPackageProductDependency section */
	};
	rootObject = AC04ED9B257E299600788A7A /* Project object */;
}
